
Microsoft Visual Studio Solution File, Format Version 12.00
# Visual Studio Version 17
VisualStudioVersion = 17.4.33213.308
MinimumVisualStudioVersion = 10.0.40219.1
Project("{9A19103F-16F7-4668-BE54-9A1E7A4F7556}") = "01.BasicStackOperations", "01.BasicStackOperations\01.BasicStackOperations.csproj", "{E28FE7E3-9259-4195-93C6-4532E66A9C32}"
EndProject
Project("{9A19103F-16F7-4668-BE54-9A1E7A4F7556}") = "02.BasicQueueOperations", "02.BasicQueueOperations\02.BasicQueueOperations.csproj", "{5406C1AD-6DD6-4E0F-82F5-90268218935B}"
EndProject
Project("{9A19103F-16F7-4668-BE54-9A1E7A4F7556}") = "03.MaximumAndMinimumElement", "03.MaximumAndMinimumElement\03.MaximumAndMinimumElement.csproj", "{5456A4EE-D742-45CD-931D-208A01D89F99}"
EndProject
Project("{FAE04EC0-301F-11D3-BF4B-00C04F79EFBC}") = "04.FastFood", "04.FastFood\04.FastFood.csproj", "{99C5CFAA-A101-486A-96A6-A3CABFFF61D5}"
EndProject
Project("{FAE04EC0-301F-11D3-BF4B-00C04F79EFBC}") = "05.FashionBoutique", "05.FashionBoutique\05.FashionBoutique.csproj", "{53F0FA44-085D-49B0-9898-45B256626B4E}"
EndProject
Project("{FAE04EC0-301F-11D3-BF4B-00C04F79EFBC}") = "06.SongsQueue", "06.SongsQueue\06.SongsQueue.csproj", "{6B634A47-4A77-4AE9-9A4C-FA4228D4B72B}"
EndProject
Project("{FAE04EC0-301F-11D3-BF4B-00C04F79EFBC}") = "07.TruckTour", "07.TruckTour\07.TruckTour.csproj", "{E41A6EEC-8CAA-4E14-AF28-E31E39E53274}"
EndProject
Project("{FAE04EC0-301F-11D3-BF4B-00C04F79EFBC}") = "08.BalancedParenthesis", "08.BalancedParenthesis\08.BalancedParenthesis.csproj", "{88687B61-C54D-4F38-9980-F74E6059070A}"
EndProject
Global
	GlobalSection(SolutionConfigurationPlatforms) = preSolution
		Debug|Any CPU = Debug|Any CPU
		Release|Any CPU = Release|Any CPU
	EndGlobalSection
	GlobalSection(ProjectConfigurationPlatforms) = postSolution
		{E28FE7E3-9259-4195-93C6-4532E66A9C32}.Debug|Any CPU.ActiveCfg = Debug|Any CPU
		{E28FE7E3-9259-4195-93C6-4532E66A9C32}.Debug|Any CPU.Build.0 = Debug|Any CPU
		{E28FE7E3-9259-4195-93C6-4532E66A9C32}.Release|Any CPU.ActiveCfg = Release|Any CPU
		{E28FE7E3-9259-4195-93C6-4532E66A9C32}.Release|Any CPU.Build.0 = Release|Any CPU
		{5406C1AD-6DD6-4E0F-82F5-90268218935B}.Debug|Any CPU.ActiveCfg = Debug|Any CPU
		{5406C1AD-6DD6-4E0F-82F5-90268218935B}.Debug|Any CPU.Build.0 = Debug|Any CPU
		{5406C1AD-6DD6-4E0F-82F5-90268218935B}.Release|Any CPU.ActiveCfg = Release|Any CPU
		{5406C1AD-6DD6-4E0F-82F5-90268218935B}.Release|Any CPU.Build.0 = Release|Any CPU
		{5456A4EE-D742-45CD-931D-208A01D89F99}.Debug|Any CPU.ActiveCfg = Debug|Any CPU
		{5456A4EE-D742-45CD-931D-208A01D89F99}.Debug|Any CPU.Build.0 = Debug|Any CPU
		{5456A4EE-D742-45CD-931D-208A01D89F99}.Release|Any CPU.ActiveCfg = Release|Any CPU
		{5456A4EE-D742-45CD-931D-208A01D89F99}.Release|Any CPU.Build.0 = Release|Any CPU
		{99C5CFAA-A101-486A-96A6-A3CABFFF61D5}.Debug|Any CPU.ActiveCfg = Debug|Any CPU
		{99C5CFAA-A101-486A-96A6-A3CABFFF61D5}.Debug|Any CPU.Build.0 = Debug|Any CPU
		{99C5CFAA-A101-486A-96A6-A3CABFFF61D5}.Release|Any CPU.ActiveCfg = Release|Any CPU
		{99C5CFAA-A101-486A-96A6-A3CABFFF61D5}.Release|Any CPU.Build.0 = Release|Any CPU
		{53F0FA44-085D-49B0-9898-45B256626B4E}.Debug|Any CPU.ActiveCfg = Debug|Any CPU
		{53F0FA44-085D-49B0-9898-45B256626B4E}.Debug|Any CPU.Build.0 = Debug|Any CPU
		{53F0FA44-085D-49B0-9898-45B256626B4E}.Release|Any CPU.ActiveCfg = Release|Any CPU
		{53F0FA44-085D-49B0-9898-45B256626B4E}.Release|Any CPU.Build.0 = Release|Any CPU
		{6B634A47-4A77-4AE9-9A4C-FA4228D4B72B}.Debug|Any CPU.ActiveCfg = Debug|Any CPU
		{6B634A47-4A77-4AE9-9A4C-FA4228D4B72B}.Debug|Any CPU.Build.0 = Debug|Any CPU
		{6B634A47-4A77-4AE9-9A4C-FA4228D4B72B}.Release|Any CPU.ActiveCfg = Release|Any CPU
		{6B634A47-4A77-4AE9-9A4C-FA4228D4B72B}.Release|Any CPU.Build.0 = Release|Any CPU
		{E41A6EEC-8CAA-4E14-AF28-E31E39E53274}.Debug|Any CPU.ActiveCfg = Debug|Any CPU
		{E41A6EEC-8CAA-4E14-AF28-E31E39E53274}.Debug|Any CPU.Build.0 = Debug|Any CPU
		{E41A6EEC-8CAA-4E14-AF28-E31E39E53274}.Release|Any CPU.ActiveCfg = Release|Any CPU
		{E41A6EEC-8CAA-4E14-AF28-E31E39E53274}.Release|Any CPU.Build.0 = Release|Any CPU
		{88687B61-C54D-4F38-9980-F74E6059070A}.Debug|Any CPU.ActiveCfg = Debug|Any CPU
		{88687B61-C54D-4F38-9980-F74E6059070A}.Debug|Any CPU.Build.0 = Debug|Any CPU
		{88687B61-C54D-4F38-9980-F74E6059070A}.Release|Any CPU.ActiveCfg = Release|Any CPU
		{88687B61-C54D-4F38-9980-F74E6059070A}.Release|Any CPU.Build.0 = Release|Any CPU
	EndGlobalSection
	GlobalSection(SolutionProperties) = preSolution
		HideSolutionNode = FALSE
	EndGlobalSection
	GlobalSection(ExtensibilityGlobals) = postSolution
		SolutionGuid = {D1BD0960-5E84-4785-B6D2-0B39A65FA319}
	EndGlobalSection
EndGlobal
